{
  "name": "@carbon-recycling/db",
  "version": "1.0.0",
  "lockfileVersion": 3,
  "requires": true,
  "packages": {
    "": {
      "name": "@carbon-recycling/db",
      "version": "1.0.0",
      "dependencies": {
        "@planetscale/database": "^1.11.0"
      },
      "devDependencies": {
        "typescript": "^5.2.2"
      }
    },
    "node_modules/@planetscale/database": {
      "version": "1.19.0",
      "resolved": "https://registry.npmjs.org/@planetscale/database/-/database-1.19.0.tgz",
      "integrity": "sha512-Tv4jcFUFAFjOWrGSio49H6R2ijALv0ZzVBfJKIdm+kl9X046Fh4LLawrF9OMsglVbK6ukqMJsUCeucGAFTBcMA==",
      "license": "Apache-2.0",
      "engines": {
        "node": ">=16"
      }
    },
    "node_modules/typescript": {
      "version": "5.9.3",
      "resolved": "https://registry.npmjs.org/typescript/-/typescript-5.9.3.tgz",
      "integrity": "sha512-jl1vZzPDinLr9eUt3J/t7V6FgNEw9QjvBPdysz9KfQDD41fQrC2Y4vKQdiaUpFT4bXlb1RHhLpp8wtm6M5TgSw==",
      "dev": true,
      "license": "Apache-2.0",
      "bin": {
        "tsc": "bin/tsc",
        "tsserver": "bin/tsserver"
      },
      "engines": {
        "node": ">=14.17"
      }
    }
  }
}
